// !$*UTF8*$!
{
	archiveVersion = 1;
	classes = {
	};
	objectVersion = 46;
	objects = {

/* Begin PBXBuildFile section */
		5A6B9C96184BEF3100876D5F /* Foundation.framework in Frameworks */ = {isa = PBXBuildFile; fileRef = 5A6B9C95184BEF3100876D5F /* Foundation.framework */; };
		5A6B9C98184BEF3100876D5F /* CoreGraphics.framework in Frameworks */ = {isa = PBXBuildFile; fileRef = 5A6B9C97184BEF3100876D5F /* CoreGraphics.framework */; };
		5A6B9C9A184BEF3100876D5F /* UIKit.framework in Frameworks */ = {isa = PBXBuildFile; fileRef = 5A6B9C99184BEF3100876D5F /* UIKit.framework */; };
		5A6B9CA0184BEF3100876D5F /* InfoPlist.strings in Resources */ = {isa = PBXBuildFile; fileRef = 5A6B9C9E184BEF3100876D5F /* InfoPlist.strings */; };
		5A6B9CA2184BEF3100876D5F /* main.m in Sources */ = {isa = PBXBuildFile; fileRef = 5A6B9CA1184BEF3100876D5F /* main.m */; };
		5A6B9CA6184BEF3100876D5F /* XYZAppDelegate.m in Sources */ = {isa = PBXBuildFile; fileRef = 5A6B9CA5184BEF3100876D5F /* XYZAppDelegate.m */; };
		5A6B9CA9184BEF3100876D5F /* Main.storyboard in Resources */ = {isa = PBXBuildFile; fileRef = 5A6B9CA7184BEF3100876D5F /* Main.storyboard */; };
		5A6B9CAC184BEF3100876D5F /* XYZSkillViewController.m in Sources */ = {isa = PBXBuildFile; fileRef = 5A6B9CAB184BEF3100876D5F /* XYZSkillViewController.m */; };
		5A6B9CAE184BEF3200876D5F /* Images.xcassets in Resources */ = {isa = PBXBuildFile; fileRef = 5A6B9CAD184BEF3200876D5F /* Images.xcassets */; };
		5A6B9CB5184BEF3200876D5F /* XCTest.framework in Frameworks */ = {isa = PBXBuildFile; fileRef = 5A6B9CB4184BEF3200876D5F /* XCTest.framework */; };
		5A6B9CB6184BEF3200876D5F /* Foundation.framework in Frameworks */ = {isa = PBXBuildFile; fileRef = 5A6B9C95184BEF3100876D5F /* Foundation.framework */; };
		5A6B9CB7184BEF3200876D5F /* UIKit.framework in Frameworks */ = {isa = PBXBuildFile; fileRef = 5A6B9C99184BEF3100876D5F /* UIKit.framework */; };
		5A6B9CBF184BEF3200876D5F /* InfoPlist.strings in Resources */ = {isa = PBXBuildFile; fileRef = 5A6B9CBD184BEF3200876D5F /* InfoPlist.strings */; };
		5A6B9CC1184BEF3200876D5F /* aLifeWorthLivingWithDBTTests.m in Sources */ = {isa = PBXBuildFile; fileRef = 5A6B9CC0184BEF3200876D5F /* aLifeWorthLivingWithDBTTests.m */; };
		5A6B9CCC184C158800876D5F /* XYZDailyPracticeViewController.m in Sources */ = {isa = PBXBuildFile; fileRef = 5A6B9CCB184C158800876D5F /* XYZDailyPracticeViewController.m */; };
		5A6B9CCF184C176100876D5F /* XYZMainViewController.m in Sources */ = {isa = PBXBuildFile; fileRef = 5A6B9CCE184C176100876D5F /* XYZMainViewController.m */; };
		5A6B9CD4184FBC2600876D5F /* SkillProperties.plist in Resources */ = {isa = PBXBuildFile; fileRef = 5A6B9CD3184FBC2600876D5F /* SkillProperties.plist */; };
		5A6B9CD71851265800876D5F /* XYZModuleViewController.m in Sources */ = {isa = PBXBuildFile; fileRef = 5A6B9CD61851265800876D5F /* XYZModuleViewController.m */; };
		5A6B9CDA1851282600876D5F /* XYZSkill.m in Sources */ = {isa = PBXBuildFile; fileRef = 5A6B9CD91851282600876D5F /* XYZSkill.m */; };
		5A6B9D231853E46200876D5F /* XYZSkillDetail.m in Sources */ = {isa = PBXBuildFile; fileRef = 5A6B9D221853E46200876D5F /* XYZSkillDetail.m */; };
/* End PBXBuildFile section */

/* Begin PBXContainerItemProxy section */
		5A6B9CB8184BEF3200876D5F /* PBXContainerItemProxy */ = {
			isa = PBXContainerItemProxy;
			containerPortal = 5A6B9C8A184BEF3000876D5F /* Project object */;
			proxyType = 1;
			remoteGlobalIDString = 5A6B9C91184BEF3100876D5F;
			remoteInfo = aLifeWorthLivingWithDBT;
		};
/* End PBXContainerItemProxy section */

/* Begin PBXFileReference section */
		5A6B9C92184BEF3100876D5F /* aLifeWorthLivingWithDBT.app */ = {isa = PBXFileReference; explicitFileType = wrapper.application; includeInIndex = 0; path = aLifeWorthLivingWithDBT.app; sourceTree = BUILT_PRODUCTS_DIR; };
		5A6B9C95184BEF3100876D5F /* Foundation.framework */ = {isa = PBXFileReference; lastKnownFileType = wrapper.framework; name = Foundation.framework; path = System/Library/Frameworks/Foundation.framework; sourceTree = SDKROOT; };
		5A6B9C97184BEF3100876D5F /* CoreGraphics.framework */ = {isa = PBXFileReference; lastKnownFileType = wrapper.framework; name = CoreGraphics.framework; path = System/Library/Frameworks/CoreGraphics.framework; sourceTree = SDKROOT; };
		5A6B9C99184BEF3100876D5F /* UIKit.framework */ = {isa = PBXFileReference; lastKnownFileType = wrapper.framework; name = UIKit.framework; path = System/Library/Frameworks/UIKit.framework; sourceTree = SDKROOT; };
		5A6B9C9D184BEF3100876D5F /* aLifeWorthLivingWithDBT-Info.plist */ = {isa = PBXFileReference; lastKnownFileType = text.plist.xml; path = "aLifeWorthLivingWithDBT-Info.plist"; sourceTree = "<group>"; };
		5A6B9C9F184BEF3100876D5F /* en */ = {isa = PBXFileReference; lastKnownFileType = text.plist.strings; name = en; path = en.lproj/InfoPlist.strings; sourceTree = "<group>"; };
		5A6B9CA1184BEF3100876D5F /* main.m */ = {isa = PBXFileReference; lastKnownFileType = sourcecode.c.objc; path = main.m; sourceTree = "<group>"; };
		5A6B9CA3184BEF3100876D5F /* aLifeWorthLivingWithDBT-Prefix.pch */ = {isa = PBXFileReference; lastKnownFileType = sourcecode.c.h; path = "aLifeWorthLivingWithDBT-Prefix.pch"; sourceTree = "<group>"; };
		5A6B9CA4184BEF3100876D5F /* XYZAppDelegate.h */ = {isa = PBXFileReference; lastKnownFileType = sourcecode.c.h; path = XYZAppDelegate.h; sourceTree = "<group>"; };
		5A6B9CA5184BEF3100876D5F /* XYZAppDelegate.m */ = {isa = PBXFileReference; lastKnownFileType = sourcecode.c.objc; path = XYZAppDelegate.m; sourceTree = "<group>"; };
		5A6B9CA8184BEF3100876D5F /* Base */ = {isa = PBXFileReference; lastKnownFileType = file.storyboard; name = Base; path = Base.lproj/Main.storyboard; sourceTree = "<group>"; };
		5A6B9CAA184BEF3100876D5F /* XYZSkillViewController.h */ = {isa = PBXFileReference; lastKnownFileType = sourcecode.c.h; path = XYZSkillViewController.h; sourceTree = "<group>"; };
		5A6B9CAB184BEF3100876D5F /* XYZSkillViewController.m */ = {isa = PBXFileReference; lastKnownFileType = sourcecode.c.objc; path = XYZSkillViewController.m; sourceTree = "<group>"; };
		5A6B9CAD184BEF3200876D5F /* Images.xcassets */ = {isa = PBXFileReference; lastKnownFileType = folder.assetcatalog; path = Images.xcassets; sourceTree = "<group>"; };
		5A6B9CB3184BEF3200876D5F /* aLifeWorthLivingWithDBTTests.xctest */ = {isa = PBXFileReference; explicitFileType = wrapper.cfbundle; includeInIndex = 0; path = aLifeWorthLivingWithDBTTests.xctest; sourceTree = BUILT_PRODUCTS_DIR; };
		5A6B9CB4184BEF3200876D5F /* XCTest.framework */ = {isa = PBXFileReference; lastKnownFileType = wrapper.framework; name = XCTest.framework; path = Library/Frameworks/XCTest.framework; sourceTree = DEVELOPER_DIR; };
		5A6B9CBC184BEF3200876D5F /* aLifeWorthLivingWithDBTTests-Info.plist */ = {isa = PBXFileReference; lastKnownFileType = text.plist.xml; path = "aLifeWorthLivingWithDBTTests-Info.plist"; sourceTree = "<group>"; };
		5A6B9CBE184BEF3200876D5F /* en */ = {isa = PBXFileReference; lastKnownFileType = text.plist.strings; name = en; path = en.lproj/InfoPlist.strings; sourceTree = "<group>"; };
		5A6B9CC0184BEF3200876D5F /* aLifeWorthLivingWithDBTTests.m */ = {isa = PBXFileReference; lastKnownFileType = sourcecode.c.objc; path = aLifeWorthLivingWithDBTTests.m; sourceTree = "<group>"; };
		5A6B9CCA184C158800876D5F /* XYZDailyPracticeViewController.h */ = {isa = PBXFileReference; fileEncoding = 4; lastKnownFileType = sourcecode.c.h; path = XYZDailyPracticeViewController.h; sourceTree = "<group>"; };
		5A6B9CCB184C158800876D5F /* XYZDailyPracticeViewController.m */ = {isa = PBXFileReference; fileEncoding = 4; lastKnownFileType = sourcecode.c.objc; path = XYZDailyPracticeViewController.m; sourceTree = "<group>"; };
		5A6B9CCD184C176100876D5F /* XYZMainViewController.h */ = {isa = PBXFileReference; fileEncoding = 4; lastKnownFileType = sourcecode.c.h; path = XYZMainViewController.h; sourceTree = "<group>"; };
		5A6B9CCE184C176100876D5F /* XYZMainViewController.m */ = {isa = PBXFileReference; fileEncoding = 4; lastKnownFileType = sourcecode.c.objc; path = XYZMainViewController.m; sourceTree = "<group>"; };
		5A6B9CD3184FBC2600876D5F /* SkillProperties.plist */ = {isa = PBXFileReference; fileEncoding = 4; lastKnownFileType = text.plist.xml; path = SkillProperties.plist; sourceTree = "<group>"; };
		5A6B9CD51851265800876D5F /* XYZModuleViewController.h */ = {isa = PBXFileReference; fileEncoding = 4; lastKnownFileType = sourcecode.c.h; path = XYZModuleViewController.h; sourceTree = "<group>"; };
		5A6B9CD61851265800876D5F /* XYZModuleViewController.m */ = {isa = PBXFileReference; fileEncoding = 4; lastKnownFileType = sourcecode.c.objc; path = XYZModuleViewController.m; sourceTree = "<group>"; };
		5A6B9CD81851282600876D5F /* XYZSkill.h */ = {isa = PBXFileReference; fileEncoding = 4; lastKnownFileType = sourcecode.c.h; name = XYZSkill.h; path = ../XYZSkill.h; sourceTree = "<group>"; };
		5A6B9CD91851282600876D5F /* XYZSkill.m */ = {isa = PBXFileReference; fileEncoding = 4; lastKnownFileType = sourcecode.c.objc; name = XYZSkill.m; path = ../XYZSkill.m; sourceTree = "<group>"; };
		5A6B9D211853E46200876D5F /* XYZSkillDetail.h */ = {isa = PBXFileReference; fileEncoding = 4; lastKnownFileType = sourcecode.c.h; path = XYZSkillDetail.h; sourceTree = "<group>"; };
		5A6B9D221853E46200876D5F /* XYZSkillDetail.m */ = {isa = PBXFileReference; fileEncoding = 4; lastKnownFileType = sourcecode.c.objc; path = XYZSkillDetail.m; sourceTree = "<group>"; };
/* End PBXFileReference section */

/* Begin PBXFrameworksBuildPhase section */
		5A6B9C8F184BEF3100876D5F /* Frameworks */ = {
			isa = PBXFrameworksBuildPhase;
			buildActionMask = 2147483647;
			files = (
				5A6B9C98184BEF3100876D5F /* CoreGraphics.framework in Frameworks */,
				5A6B9C9A184BEF3100876D5F /* UIKit.framework in Frameworks */,
				5A6B9C96184BEF3100876D5F /* Foundation.framework in Frameworks */,
			);
			runOnlyForDeploymentPostprocessing = 0;
		};
		5A6B9CB0184BEF3200876D5F /* Frameworks */ = {
			isa = PBXFrameworksBuildPhase;
			buildActionMask = 2147483647;
			files = (
				5A6B9CB5184BEF3200876D5F /* XCTest.framework in Frameworks */,
				5A6B9CB7184BEF3200876D5F /* UIKit.framework in Frameworks */,
				5A6B9CB6184BEF3200876D5F /* Foundation.framework in Frameworks */,
			);
			runOnlyForDeploymentPostprocessing = 0;
		};
/* End PBXFrameworksBuildPhase section */

/* Begin PBXGroup section */
		5A6B9C89184BEF3000876D5F = {
			isa = PBXGroup;
			children = (
				5A6B9C9B184BEF3100876D5F /* aLifeWorthLivingWithDBT */,
				5A6B9CBA184BEF3200876D5F /* aLifeWorthLivingWithDBTTests */,
				5A6B9C94184BEF3100876D5F /* Frameworks */,
				5A6B9C93184BEF3100876D5F /* Products */,
			);
			sourceTree = "<group>";
		};
		5A6B9C93184BEF3100876D5F /* Products */ = {
			isa = PBXGroup;
			children = (
				5A6B9C92184BEF3100876D5F /* aLifeWorthLivingWithDBT.app */,
				5A6B9CB3184BEF3200876D5F /* aLifeWorthLivingWithDBTTests.xctest */,
			);
			name = Products;
			sourceTree = "<group>";
		};
		5A6B9C94184BEF3100876D5F /* Frameworks */ = {
			isa = PBXGroup;
			children = (
				5A6B9C95184BEF3100876D5F /* Foundation.framework */,
				5A6B9C97184BEF3100876D5F /* CoreGraphics.framework */,
				5A6B9C99184BEF3100876D5F /* UIKit.framework */,
				5A6B9CB4184BEF3200876D5F /* XCTest.framework */,
			);
			name = Frameworks;
			sourceTree = "<group>";
		};
		5A6B9C9B184BEF3100876D5F /* aLifeWorthLivingWithDBT */ = {
			isa = PBXGroup;
			children = (
				5A6B9CD81851282600876D5F /* XYZSkill.h */,
				5A6B9D211853E46200876D5F /* XYZSkillDetail.h */,
				5A6B9D221853E46200876D5F /* XYZSkillDetail.m */,
				5A6B9CD91851282600876D5F /* XYZSkill.m */,
				5A6B9CA4184BEF3100876D5F /* XYZAppDelegate.h */,
				5A6B9CA5184BEF3100876D5F /* XYZAppDelegate.m */,
				5A6B9CA7184BEF3100876D5F /* Main.storyboard */,
				5A6B9CD51851265800876D5F /* XYZModuleViewController.h */,
				5A6B9CD61851265800876D5F /* XYZModuleViewController.m */,
				5A6B9CCD184C176100876D5F /* XYZMainViewController.h */,
				5A6B9CCE184C176100876D5F /* XYZMainViewController.m */,
				5A6B9CCA184C158800876D5F /* XYZDailyPracticeViewController.h */,
				5A6B9CCB184C158800876D5F /* XYZDailyPracticeViewController.m */,
				5A6B9CAA184BEF3100876D5F /* XYZSkillViewController.h */,
				5A6B9CAB184BEF3100876D5F /* XYZSkillViewController.m */,
				5A6B9CD3184FBC2600876D5F /* SkillProperties.plist */,
				5A6B9CAD184BEF3200876D5F /* Images.xcassets */,
				5A6B9C9C184BEF3100876D5F /* Supporting Files */,
			);
			path = aLifeWorthLivingWithDBT;
			sourceTree = "<group>";
		};
		5A6B9C9C184BEF3100876D5F /* Supporting Files */ = {
			isa = PBXGroup;
			children = (
				5A6B9C9D184BEF3100876D5F /* aLifeWorthLivingWithDBT-Info.plist */,
				5A6B9C9E184BEF3100876D5F /* InfoPlist.strings */,
				5A6B9CA1184BEF3100876D5F /* main.m */,
				5A6B9CA3184BEF3100876D5F /* aLifeWorthLivingWithDBT-Prefix.pch */,
			);
			name = "Supporting Files";
			sourceTree = "<group>";
		};
		5A6B9CBA184BEF3200876D5F /* aLifeWorthLivingWithDBTTests */ = {
			isa = PBXGroup;
			children = (
				5A6B9CC0184BEF3200876D5F /* aLifeWorthLivingWithDBTTests.m */,
				5A6B9CBB184BEF3200876D5F /* Supporting Files */,
			);
			path = aLifeWorthLivingWithDBTTests;
			sourceTree = "<group>";
		};
		5A6B9CBB184BEF3200876D5F /* Supporting Files */ = {
			isa = PBXGroup;
			children = (
				5A6B9CBC184BEF3200876D5F /* aLifeWorthLivingWithDBTTests-Info.plist */,
				5A6B9CBD184BEF3200876D5F /* InfoPlist.strings */,
			);
			name = "Supporting Files";
			sourceTree = "<group>";
		};
/* End PBXGroup section */

/* Begin PBXNativeTarget section */
		5A6B9C91184BEF3100876D5F /* aLifeWorthLivingWithDBT */ = {
			isa = PBXNativeTarget;
			buildConfigurationList = 5A6B9CC4184BEF3200876D5F /* Build configuration list for PBXNativeTarget "aLifeWorthLivingWithDBT" */;
			buildPhases = (
				5A6B9C8E184BEF3100876D5F /* Sources */,
				5A6B9C8F184BEF3100876D5F /* Frameworks */,
				5A6B9C90184BEF3100876D5F /* Resources */,
			);
			buildRules = (
			);
			dependencies = (
			);
			name = aLifeWorthLivingWithDBT;
			productName = aLifeWorthLivingWithDBT;
			productReference = 5A6B9C92184BEF3100876D5F /* aLifeWorthLivingWithDBT.app */;
			productType = "com.apple.product-type.application";
		};
		5A6B9CB2184BEF3200876D5F /* aLifeWorthLivingWithDBTTests */ = {
			isa = PBXNativeTarget;
			buildConfigurationList = 5A6B9CC7184BEF3200876D5F /* Build configuration list for PBXNativeTarget "aLifeWorthLivingWithDBTTests" */;
			buildPhases = (
				5A6B9CAF184BEF3200876D5F /* Sources */,
				5A6B9CB0184BEF3200876D5F /* Frameworks */,
				5A6B9CB1184BEF3200876D5F /* Resources */,
			);
			buildRules = (
			);
			dependencies = (
				5A6B9CB9184BEF3200876D5F /* PBXTargetDependency */,
			);
			name = aLifeWorthLivingWithDBTTests;
			productName = aLifeWorthLivingWithDBTTests;
			productReference = 5A6B9CB3184BEF3200876D5F /* aLifeWorthLivingWithDBTTests.xctest */;
			productType = "com.apple.product-type.bundle.unit-test";
		};
/* End PBXNativeTarget section */

/* Begin PBXProject section */
		5A6B9C8A184BEF3000876D5F /* Project object */ = {
			isa = PBXProject;
			attributes = {
				CLASSPREFIX = XYZ;
				LastUpgradeCheck = 0500;
				ORGANIZATIONNAME = "Rachel Shin";
				TargetAttributes = {
					5A6B9CB2184BEF3200876D5F = {
						TestTargetID = 5A6B9C91184BEF3100876D5F;
					};
				};
			};
			buildConfigurationList = 5A6B9C8D184BEF3100876D5F /* Build configuration list for PBXProject "aLifeWorthLivingWithDBT" */;
			compatibilityVersion = "Xcode 3.2";
			developmentRegion = English;
			hasScannedForEncodings = 0;
			knownRegions = (
				en,
				Base,
			);
			mainGroup = 5A6B9C89184BEF3000876D5F;
			productRefGroup = 5A6B9C93184BEF3100876D5F /* Products */;
			projectDirPath = "";
			projectRoot = "";
			targets = (
				5A6B9C91184BEF3100876D5F /* aLifeWorthLivingWithDBT */,
				5A6B9CB2184BEF3200876D5F /* aLifeWorthLivingWithDBTTests */,
			);
		};
/* End PBXProject section */

/* Begin PBXResourcesBuildPhase section */
		5A6B9C90184BEF3100876D5F /* Resources */ = {
			isa = PBXResourcesBuildPhase;
			buildActionMask = 2147483647;
			files = (
				5A6B9CAE184BEF3200876D5F /* Images.xcassets in Resources */,
				5A6B9CA0184BEF3100876D5F /* InfoPlist.strings in Resources */,
				5A6B9CA9184BEF3100876D5F /* Main.storyboard in Resources */,
				5A6B9CD4184FBC2600876D5F /* SkillProperties.plist in Resources */,
			);
			runOnlyForDeploymentPostprocessing = 0;
		};
		5A6B9CB1184BEF3200876D5F /* Resources */ = {
			isa = PBXResourcesBuildPhase;
			buildActionMask = 2147483647;
			files = (
				5A6B9CBF184BEF3200876D5F /* InfoPlist.strings in Resources */,
			);
			runOnlyForDeploymentPostprocessing = 0;
		};
/* End PBXResourcesBuildPhase section */

/* Begin PBXSourcesBuildPhase section */
		5A6B9C8E184BEF3100876D5F /* Sources */ = {
			isa = PBXSourcesBuildPhase;
			buildActionMask = 2147483647;
			files = (
				5A6B9D231853E46200876D5F /* XYZSkillDetail.m in Sources */,
				5A6B9CAC184BEF3100876D5F /* XYZSkillViewController.m in Sources */,
				5A6B9CCF184C176100876D5F /* XYZMainViewController.m in Sources */,
				5A6B9CA6184BEF3100876D5F /* XYZAppDelegate.m in Sources */,
				5A6B9CD71851265800876D5F /* XYZModuleViewController.m in Sources */,
				5A6B9CCC184C158800876D5F /* XYZDailyPracticeViewController.m in Sources */,
				5A6B9CA2184BEF3100876D5F /* main.m in Sources */,
				5A6B9CDA1851282600876D5F /* XYZSkill.m in Sources */,
			);
			runOnlyForDeploymentPostprocessing = 0;
		};
		5A6B9CAF184BEF3200876D5F /* Sources */ = {
			isa = PBXSourcesBuildPhase;
			buildActionMask = 2147483647;
			files = (
				5A6B9CC1184BEF3200876D5F /* aLifeWorthLivingWithDBTTests.m in Sources */,
			);
			runOnlyForDeploymentPostprocessing = 0;
		};
/* End PBXSourcesBuildPhase section */

/* Begin PBXTargetDependency section */
		5A6B9CB9184BEF3200876D5F /* PBXTargetDependency */ = {
			isa = PBXTargetDependency;
			target = 5A6B9C91184BEF3100876D5F /* aLifeWorthLivingWithDBT */;
			targetProxy = 5A6B9CB8184BEF3200876D5F /* PBXContainerItemProxy */;
		};
/* End PBXTargetDependency section */

/* Begin PBXVariantGroup section */
		5A6B9C9E184BEF3100876D5F /* InfoPlist.strings */ = {
			isa = PBXVariantGroup;
			children = (
				5A6B9C9F184BEF3100876D5F /* en */,
			);
			name = InfoPlist.strings;
			sourceTree = "<group>";
		};
		5A6B9CA7184BEF3100876D5F /* Main.storyboard */ = {
			isa = PBXVariantGroup;
			children = (
				5A6B9CA8184BEF3100876D5F /* Base */,
			);
			name = Main.storyboard;
			sourceTree = "<group>";
		};
		5A6B9CBD184BEF3200876D5F /* InfoPlist.strings */ = {
			isa = PBXVariantGroup;
			children = (
				5A6B9CBE184BEF3200876D5F /* en */,
			);
			name = InfoPlist.strings;
			sourceTree = "<group>";
		};
/* End PBXVariantGroup section */

/* Begin XCBuildConfiguration section */
		5A6B9CC2184BEF3200876D5F /* Debug */ = {
			isa = XCBuildConfiguration;
			buildSettings = {
				ALWAYS_SEARCH_USER_PATHS = NO;
				ARCHS = "$(ARCHS_STANDARD_INCLUDING_64_BIT)";
				CLANG_CXX_LANGUAGE_STANDARD = "gnu++0x";
				CLANG_CXX_LIBRARY = "libc++";
				CLANG_ENABLE_MODULES = YES;
				CLANG_ENABLE_OBJC_ARC = YES;
				CLANG_WARN_BOOL_CONVERSION = YES;
				CLANG_WARN_CONSTANT_CONVERSION = YES;
				CLANG_WARN_DIRECT_OBJC_ISA_USAGE = YES_ERROR;
				CLANG_WARN_EMPTY_BODY = YES;
				CLANG_WARN_ENUM_CONVERSION = YES;
				CLANG_WARN_INT_CONVERSION = YES;
				CLANG_WARN_OBJC_ROOT_CLASS = YES_ERROR;
				CLANG_WARN__DUPLICATE_METHOD_MATCH = YES;
				"CODE_SIGN_IDENTITY[sdk=iphoneos*]" = "iPhone Developer";
				COPY_PHASE_STRIP = NO;
				GCC_C_LANGUAGE_STANDARD = gnu99;
				GCC_DYNAMIC_NO_PIC = NO;
				GCC_OPTIMIZATION_LEVEL = 0;
				GCC_PREPROCESSOR_DEFINITIONS = (
					"DEBUG=1",
					"$(inherited)",
				);
				GCC_SYMBOLS_PRIVATE_EXTERN = NO;
				GCC_WARN_64_TO_32_BIT_CONVERSION = YES;
				GCC_WARN_ABOUT_RETURN_TYPE = YES_ERROR;
				GCC_WARN_UNDECLARED_SELECTOR = YES;
				GCC_WARN_UNINITIALIZED_AUTOS = YES;
				GCC_WARN_UNUSED_FUNCTION = YES;
				GCC_WARN_UNUSED_VARIABLE = YES;
				IPHONEOS_DEPLOYMENT_TARGET = 7.0;
				ONLY_ACTIVE_ARCH = YES;
				SDKROOT = iphoneos;
			};
			name = Debug;
		};
		5A6B9CC3184BEF3200876D5F /* Release */ = {
			isa = XCBuildConfiguration;
			buildSettings = {
				ALWAYS_SEARCH_USER_PATHS = NO;
				ARCHS = "$(ARCHS_STANDARD_INCLUDING_64_BIT)";
				CLANG_CXX_LANGUAGE_STANDARD = "gnu++0x";
				CLANG_CXX_LIBRARY = "libc++";
				CLANG_ENABLE_MODULES = YES;
				CLANG_ENABLE_OBJC_ARC = YES;
				CLANG_WARN_BOOL_CONVERSION = YES;
				CLANG_WARN_CONSTANT_CONVERSION = YES;
				CLANG_WARN_DIRECT_OBJC_ISA_USAGE = YES_ERROR;
				CLANG_WARN_EMPTY_BODY = YES;
				CLANG_WARN_ENUM_CONVERSION = YES;
				CLANG_WARN_INT_CONVERSION = YES;
				CLANG_WARN_OBJC_ROOT_CLASS = YES_ERROR;
				CLANG_WARN__DUPLICATE_METHOD_MATCH = YES;
				"CODE_SIGN_IDENTITY[sdk=iphoneos*]" = "iPhone Developer";
				COPY_PHASE_STRIP = YES;
				ENABLE_NS_ASSERTIONS = NO;
				GCC_C_LANGUAGE_STANDARD = gnu99;
				GCC_WARN_64_TO_32_BIT_CONVERSION = YES;
				GCC_WARN_ABOUT_RETURN_TYPE = YES_ERROR;
				GCC_WARN_UNDECLARED_SELECTOR = YES;
				GCC_WARN_UNINITIALIZED_AUTOS = YES;
				GCC_WARN_UNUSED_FUNCTION = YES;
				GCC_WARN_UNUSED_VARIABLE = YES;
				IPHONEOS_DEPLOYMENT_TARGET = 7.0;
				SDKROOT = iphoneos;
				VALIDATE_PRODUCT = YES;
			};
			name = Release;
		};
		5A6B9CC5184BEF3200876D5F /* Debug */ = {
			isa = XCBuildConfiguration;
			buildSettings = {
				ASSETCATALOG_COMPILER_APPICON_NAME = AppIcon;
				ASSETCATALOG_COMPILER_LAUNCHIMAGE_NAME = LaunchImage;
				GCC_PRECOMPILE_PREFIX_HEADER = YES;
				GCC_PREFIX_HEADER = "aLifeWorthLivingWithDBT/aLifeWorthLivingWithDBT-Prefix.pch";
				INFOPLIST_FILE = "aLifeWorthLivingWithDBT/aLifeWorthLivingWithDBT-Info.plist";
				PRODUCT_NAME = "$(TARGET_NAME)";
				WRAPPER_EXTENSION = app;
			};
			name = Debug;
		};
		5A6B9CC6184BEF3200876D5F /* Release */ = {
			isa = XCBuildConfiguration;
			buildSettings = {
				ASSETCATALOG_COMPILER_APPICON_NAME = AppIcon;
				ASSETCATALOG_COMPILER_LAUNCHIMAGE_NAME = LaunchImage;
				GCC_PRECOMPILE_PREFIX_HEADER = YES;
				GCC_PREFIX_HEADER = "aLifeWorthLivingWithDBT/aLifeWorthLivingWithDBT-Prefix.pch";
				INFOPLIST_FILE = "aLifeWorthLivingWithDBT/aLifeWorthLivingWithDBT-Info.plist";
				PRODUCT_NAME = "$(TARGET_NAME)";
				WRAPPER_EXTENSION = app;
			};
			name = Release;
		};
		5A6B9CC8184BEF3200876D5F /* Debug */ = {
			isa = XCBuildConfiguration;
			buildSettings = {
				ARCHS = "$(ARCHS_STANDARD_INCLUDING_64_BIT)";
				BUNDLE_LOADER = "$(BUILT_PRODUCTS_DIR)/aLifeWorthLivingWithDBT.app/aLifeWorthLivingWithDBT";
				FRAMEWORK_SEARCH_PATHS = (
					"$(SDKROOT)/Developer/Library/Frameworks",
					"$(inherited)",
					"$(DEVELOPER_FRAMEWORKS_DIR)",
				);
				GCC_PRECOMPILE_PREFIX_HEADER = YES;
				GCC_PREFIX_HEADER = "aLifeWorthLivingWithDBT/aLifeWorthLivingWithDBT-Prefix.pch";
				GCC_PREPROCESSOR_DEFINITIONS = (
					"DEBUG=1",
					"$(inherited)",
				);
				INFOPLIST_FILE = "aLifeWorthLivingWithDBTTests/aLifeWorthLivingWithDBTTests-Info.plist";
				PRODUCT_NAME = "$(TARGET_NAME)";
				TEST_HOST = "$(BUNDLE_LOADER)";
				WRAPPER_EXTENSION = xctest;
			};
			name = Debug;
		};
		5A6B9CC9184BEF3200876D5F /* Release */ = {
			isa = XCBuildConfiguration;
			buildSettings = {
				ARCHS = "$(ARCHS_STANDARD_INCLUDING_64_BIT)";
				BUNDLE_LOADER = "$(BUILT_PRODUCTS_DIR)/aLifeWorthLivingWithDBT.app/aLifeWorthLivingWithDBT";
				FRAMEWORK_SEARCH_PATHS = (
					"$(SDKROOT)/Developer/Library/Frameworks",
					"$(inherited)",
					"$(DEVELOPER_FRAMEWORKS_DIR)",
				);
				GCC_PRECOMPILE_PREFIX_HEADER = YES;
				GCC_PREFIX_HEADER = "aLifeWorthLivingWithDBT/aLifeWorthLivingWithDBT-Prefix.pch";
				INFOPLIST_FILE = "aLifeWorthLivingWithDBTTests/aLifeWorthLivingWithDBTTests-Info.plist";
				PRODUCT_NAME = "$(TARGET_NAME)";
				TEST_HOST = "$(BUNDLE_LOADER)";
				WRAPPER_EXTENSION = xctest;
			};
			name = Release;
		};
/* End XCBuildConfiguration section */

/* Begin XCConfigurationList section */
		5A6B9C8D184BEF3100876D5F /* Build configuration list for PBXProject "aLifeWorthLivingWithDBT" */ = {
			isa = XCConfigurationList;
			buildConfigurations = (
				5A6B9CC2184BEF3200876D5F /* Debug */,
				5A6B9CC3184BEF3200876D5F /* Release */,
			);
			defaultConfigurationIsVisible = 0;
			defaultConfigurationName = Release;
		};
		5A6B9CC4184BEF3200876D5F /* Build configuration list for PBXNativeTarget "aLifeWorthLivingWithDBT" */ = {
			isa = XCConfigurationList;
			buildConfigurations = (
				5A6B9CC5184BEF3200876D5F /* Debug */,
				5A6B9CC6184BEF3200876D5F /* Release */,
			);
			defaultConfigurationIsVisible = 0;
		};
		5A6B9CC7184BEF3200876D5F /* Build configuration list for PBXNativeTarget "aLifeWorthLivingWithDBTTests" */ = {
			isa = XCConfigurationList;
			buildConfigurations = (
				5A6B9CC8184BEF3200876D5F /* Debug */,
				5A6B9CC9184BEF3200876D5F /* Release */,
			);
			defaultConfigurationIsVisible = 0;
		};
/* End XCConfigurationList section */
	};
	rootObject = 5A6B9C8A184BEF3000876D5F /* Project object */;
}
